
Microsoft Visual Studio Solution File, Format Version 12.00
# Visual Studio 15
VisualStudioVersion = 15.0.27130.0
MinimumVisualStudioVersion = 10.0.40219.1
Project("{FAE04EC0-301F-11D3-BF4B-00C04F79EFBC}") = "CntApp.Android", "CntApp\CntApp.Android\CntApp.Android.csproj", "{96EDD771-4530-496F-A134-929DCD617190}"
EndProject
Project("{FAE04EC0-301F-11D3-BF4B-00C04F79EFBC}") = "CntApp.iOS", "CntApp\CntApp.iOS\CntApp.iOS.csproj", "{7E89B21F-72A6-4541-A892-314078A35B4C}"
EndProject
Project("{FAE04EC0-301F-11D3-BF4B-00C04F79EFBC}") = "CntApp.UWP", "CntApp\CntApp.UWP\CntApp.UWP.csproj", "{0E37F210-205F-4945-B2F0-75C585EFD9CB}"
EndProject
Project("{9A19103F-16F7-4668-BE54-9A1E7A4F7556}") = "CntApp", "CntApp\CntApp\CntApp.csproj", "{C5299AF3-1CB5-49E5-8704-2FCB15776E8D}"
EndProject
Project("{2150E333-8FDC-42A3-9474-1A3956D46DE8}") = "Utilities", "Utilities", "{45B15682-C3B0-4A9D-962A-0AFF10849FE7}"
EndProject
Project("{2150E333-8FDC-42A3-9474-1A3956D46DE8}") = "Apps", "Apps", "{2F157615-2DA2-4A92-B2DC-7A07A927CD76}"
EndProject
Project("{9A19103F-16F7-4668-BE54-9A1E7A4F7556}") = "Lx.Utilities.Contracts", "Lx.Utilities.Contracts\Lx.Utilities.Contracts.csproj", "{716E5F66-9B18-403A-87E0-6D6647FBBF5C}"
EndProject
Project("{9A19103F-16F7-4668-BE54-9A1E7A4F7556}") = "Lx.Utilities.Services", "Lx.Utilities.Services\Lx.Utilities.Services.csproj", "{2F3FB83D-088B-49AD-AD6A-8DF071B96263}"
EndProject
Project("{FAE04EC0-301F-11D3-BF4B-00C04F79EFBC}") = "Lx.Utilities.Server", "Lx.Utilities.Server\Lx.Utilities.Server.csproj", "{DA90DAC0-6FEC-42C3-8072-F6ABBA46CF3E}"
EndProject
Project("{FAE04EC0-301F-11D3-BF4B-00C04F79EFBC}") = "Lx.Utilities.Client", "Lx.Utilities.Client\Lx.Utilities.Client.csproj", "{5F7BF193-4FAB-4348-B779-57CA9AB0F7FF}"
EndProject
Global
	GlobalSection(SolutionConfigurationPlatforms) = preSolution
		Ad-Hoc|Any CPU = Ad-Hoc|Any CPU
		Ad-Hoc|ARM = Ad-Hoc|ARM
		Ad-Hoc|iPhone = Ad-Hoc|iPhone
		Ad-Hoc|iPhoneSimulator = Ad-Hoc|iPhoneSimulator
		Ad-Hoc|x64 = Ad-Hoc|x64
		Ad-Hoc|x86 = Ad-Hoc|x86
		AppStore|Any CPU = AppStore|Any CPU
		AppStore|ARM = AppStore|ARM
		AppStore|iPhone = AppStore|iPhone
		AppStore|iPhoneSimulator = AppStore|iPhoneSimulator
		AppStore|x64 = AppStore|x64
		AppStore|x86 = AppStore|x86
		Debug|Any CPU = Debug|Any CPU
		Debug|ARM = Debug|ARM
		Debug|iPhone = Debug|iPhone
		Debug|iPhoneSimulator = Debug|iPhoneSimulator
		Debug|x64 = Debug|x64
		Debug|x86 = Debug|x86
		Release|Any CPU = Release|Any CPU
		Release|ARM = Release|ARM
		Release|iPhone = Release|iPhone
		Release|iPhoneSimulator = Release|iPhoneSimulator
		Release|x64 = Release|x64
		Release|x86 = Release|x86
	EndGlobalSection
	GlobalSection(ProjectConfigurationPlatforms) = postSolution
		{96EDD771-4530-496F-A134-929DCD617190}.Ad-Hoc|Any CPU.ActiveCfg = Release|Any CPU
		{96EDD771-4530-496F-A134-929DCD617190}.Ad-Hoc|Any CPU.Build.0 = Release|Any CPU
		{96EDD771-4530-496F-A134-929DCD617190}.Ad-Hoc|Any CPU.Deploy.0 = Release|Any CPU
		{96EDD771-4530-496F-A134-929DCD617190}.Ad-Hoc|ARM.ActiveCfg = Release|Any CPU
		{96EDD771-4530-496F-A134-929DCD617190}.Ad-Hoc|ARM.Build.0 = Release|Any CPU
		{96EDD771-4530-496F-A134-929DCD617190}.Ad-Hoc|ARM.Deploy.0 = Release|Any CPU
		{96EDD771-4530-496F-A134-929DCD617190}.Ad-Hoc|iPhone.ActiveCfg = Release|Any CPU
		{96EDD771-4530-496F-A134-929DCD617190}.Ad-Hoc|iPhone.Build.0 = Release|Any CPU
		{96EDD771-4530-496F-A134-929DCD617190}.Ad-Hoc|iPhone.Deploy.0 = Release|Any CPU
		{96EDD771-4530-496F-A134-929DCD617190}.Ad-Hoc|iPhoneSimulator.ActiveCfg = Release|Any CPU
		{96EDD771-4530-496F-A134-929DCD617190}.Ad-Hoc|iPhoneSimulator.Build.0 = Release|Any CPU
		{96EDD771-4530-496F-A134-929DCD617190}.Ad-Hoc|iPhoneSimulator.Deploy.0 = Release|Any CPU
		{96EDD771-4530-496F-A134-929DCD617190}.Ad-Hoc|x64.ActiveCfg = Release|Any CPU
		{96EDD771-4530-496F-A134-929DCD617190}.Ad-Hoc|x64.Build.0 = Release|Any CPU
		{96EDD771-4530-496F-A134-929DCD617190}.Ad-Hoc|x64.Deploy.0 = Release|Any CPU
		{96EDD771-4530-496F-A134-929DCD617190}.Ad-Hoc|x86.ActiveCfg = Release|Any CPU
		{96EDD771-4530-496F-A134-929DCD617190}.Ad-Hoc|x86.Build.0 = Release|Any CPU
		{96EDD771-4530-496F-A134-929DCD617190}.Ad-Hoc|x86.Deploy.0 = Release|Any CPU
		{96EDD771-4530-496F-A134-929DCD617190}.AppStore|Any CPU.ActiveCfg = Release|Any CPU
		{96EDD771-4530-496F-A134-929DCD617190}.AppStore|Any CPU.Build.0 = Release|Any CPU
		{96EDD771-4530-496F-A134-929DCD617190}.AppStore|Any CPU.Deploy.0 = Release|Any CPU
		{96EDD771-4530-496F-A134-929DCD617190}.AppStore|ARM.ActiveCfg = Release|Any CPU
		{96EDD771-4530-496F-A134-929DCD617190}.AppStore|ARM.Build.0 = Release|Any CPU
		{96EDD771-4530-496F-A134-929DCD617190}.AppStore|ARM.Deploy.0 = Release|Any CPU
		{96EDD771-4530-496F-A134-929DCD617190}.AppStore|iPhone.ActiveCfg = Release|Any CPU
		{96EDD771-4530-496F-A134-929DCD617190}.AppStore|iPhone.Build.0 = Release|Any CPU
		{96EDD771-4530-496F-A134-929DCD617190}.AppStore|iPhone.Deploy.0 = Release|Any CPU
		{96EDD771-4530-496F-A134-929DCD617190}.AppStore|iPhoneSimulator.ActiveCfg = Release|Any CPU
		{96EDD771-4530-496F-A134-929DCD617190}.AppStore|iPhoneSimulator.Build.0 = Release|Any CPU
		{96EDD771-4530-496F-A134-929DCD617190}.AppStore|iPhoneSimulator.Deploy.0 = Release|Any CPU
		{96EDD771-4530-496F-A134-929DCD617190}.AppStore|x64.ActiveCfg = Release|Any CPU
		{96EDD771-4530-496F-A134-929DCD617190}.AppStore|x64.Build.0 = Release|Any CPU
		{96EDD771-4530-496F-A134-929DCD617190}.AppStore|x64.Deploy.0 = Release|Any CPU
		{96EDD771-4530-496F-A134-929DCD617190}.AppStore|x86.ActiveCfg = Release|Any CPU
		{96EDD771-4530-496F-A134-929DCD617190}.AppStore|x86.Build.0 = Release|Any CPU
		{96EDD771-4530-496F-A134-929DCD617190}.AppStore|x86.Deploy.0 = Release|Any CPU
		{96EDD771-4530-496F-A134-929DCD617190}.Debug|Any CPU.ActiveCfg = Debug|Any CPU
		{96EDD771-4530-496F-A134-929DCD617190}.Debug|Any CPU.Build.0 = Debug|Any CPU
		{96EDD771-4530-496F-A134-929DCD617190}.Debug|Any CPU.Deploy.0 = Debug|Any CPU
		{96EDD771-4530-496F-A134-929DCD617190}.Debug|ARM.ActiveCfg = Debug|Any CPU
		{96EDD771-4530-496F-A134-929DCD617190}.Debug|ARM.Build.0 = Debug|Any CPU
		{96EDD771-4530-496F-A134-929DCD617190}.Debug|ARM.Deploy.0 = Debug|Any CPU
		{96EDD771-4530-496F-A134-929DCD617190}.Debug|iPhone.ActiveCfg = Debug|Any CPU
		{96EDD771-4530-496F-A134-929DCD617190}.Debug|iPhone.Build.0 = Debug|Any CPU
		{96EDD771-4530-496F-A134-929DCD617190}.Debug|iPhone.Deploy.0 = Debug|Any CPU
		{96EDD771-4530-496F-A134-929DCD617190}.Debug|iPhoneSimulator.ActiveCfg = Debug|Any CPU
		{96EDD771-4530-496F-A134-929DCD617190}.Debug|iPhoneSimulator.Build.0 = Debug|Any CPU
		{96EDD771-4530-496F-A134-929DCD617190}.Debug|iPhoneSimulator.Deploy.0 = Debug|Any CPU
		{96EDD771-4530-496F-A134-929DCD617190}.Debug|x64.ActiveCfg = Debug|Any CPU
		{96EDD771-4530-496F-A134-929DCD617190}.Debug|x64.Build.0 = Debug|Any CPU
		{96EDD771-4530-496F-A134-929DCD617190}.Debug|x64.Deploy.0 = Debug|Any CPU
		{96EDD771-4530-496F-A134-929DCD617190}.Debug|x86.ActiveCfg = Debug|Any CPU
		{96EDD771-4530-496F-A134-929DCD617190}.Debug|x86.Build.0 = Debug|Any CPU
		{96EDD771-4530-496F-A134-929DCD617190}.Debug|x86.Deploy.0 = Debug|Any CPU
		{96EDD771-4530-496F-A134-929DCD617190}.Release|Any CPU.ActiveCfg = Release|Any CPU
		{96EDD771-4530-496F-A134-929DCD617190}.Release|Any CPU.Build.0 = Release|Any CPU
		{96EDD771-4530-496F-A134-929DCD617190}.Release|Any CPU.Deploy.0 = Release|Any CPU
		{96EDD771-4530-496F-A134-929DCD617190}.Release|ARM.ActiveCfg = Release|Any CPU
		{96EDD771-4530-496F-A134-929DCD617190}.Release|ARM.Build.0 = Release|Any CPU
		{96EDD771-4530-496F-A134-929DCD617190}.Release|ARM.Deploy.0 = Release|Any CPU
		{96EDD771-4530-496F-A134-929DCD617190}.Release|iPhone.ActiveCfg = Release|Any CPU
		{96EDD771-4530-496F-A134-929DCD617190}.Release|iPhone.Build.0 = Release|Any CPU
		{96EDD771-4530-496F-A134-929DCD617190}.Release|iPhone.Deploy.0 = Release|Any CPU
		{96EDD771-4530-496F-A134-929DCD617190}.Release|iPhoneSimulator.ActiveCfg = Release|Any CPU
		{96EDD771-4530-496F-A134-929DCD617190}.Release|iPhoneSimulator.Build.0 = Release|Any CPU
		{96EDD771-4530-496F-A134-929DCD617190}.Release|iPhoneSimulator.Deploy.0 = Release|Any CPU
		{96EDD771-4530-496F-A134-929DCD617190}.Release|x64.ActiveCfg = Release|Any CPU
		{96EDD771-4530-496F-A134-929DCD617190}.Release|x64.Build.0 = Release|Any CPU
		{96EDD771-4530-496F-A134-929DCD617190}.Release|x64.Deploy.0 = Release|Any CPU
		{96EDD771-4530-496F-A134-929DCD617190}.Release|x86.ActiveCfg = Release|Any CPU
		{96EDD771-4530-496F-A134-929DCD617190}.Release|x86.Build.0 = Release|Any CPU
		{96EDD771-4530-496F-A134-929DCD617190}.Release|x86.Deploy.0 = Release|Any CPU
		{7E89B21F-72A6-4541-A892-314078A35B4C}.Ad-Hoc|Any CPU.ActiveCfg = Ad-Hoc|iPhone
		{7E89B21F-72A6-4541-A892-314078A35B4C}.Ad-Hoc|ARM.ActiveCfg = Ad-Hoc|iPhone
		{7E89B21F-72A6-4541-A892-314078A35B4C}.Ad-Hoc|iPhone.ActiveCfg = Ad-Hoc|iPhone
		{7E89B21F-72A6-4541-A892-314078A35B4C}.Ad-Hoc|iPhone.Build.0 = Ad-Hoc|iPhone
		{7E89B21F-72A6-4541-A892-314078A35B4C}.Ad-Hoc|iPhoneSimulator.ActiveCfg = Ad-Hoc|iPhoneSimulator
		{7E89B21F-72A6-4541-A892-314078A35B4C}.Ad-Hoc|iPhoneSimulator.Build.0 = Ad-Hoc|iPhoneSimulator
		{7E89B21F-72A6-4541-A892-314078A35B4C}.Ad-Hoc|x64.ActiveCfg = Ad-Hoc|iPhone
		{7E89B21F-72A6-4541-A892-314078A35B4C}.Ad-Hoc|x86.ActiveCfg = Ad-Hoc|iPhone
		{7E89B21F-72A6-4541-A892-314078A35B4C}.AppStore|Any CPU.ActiveCfg = AppStore|iPhone
		{7E89B21F-72A6-4541-A892-314078A35B4C}.AppStore|ARM.ActiveCfg = AppStore|iPhone
		{7E89B21F-72A6-4541-A892-314078A35B4C}.AppStore|iPhone.ActiveCfg = AppStore|iPhone
		{7E89B21F-72A6-4541-A892-314078A35B4C}.AppStore|iPhone.Build.0 = AppStore|iPhone
		{7E89B21F-72A6-4541-A892-314078A35B4C}.AppStore|iPhoneSimulator.ActiveCfg = AppStore|iPhoneSimulator
		{7E89B21F-72A6-4541-A892-314078A35B4C}.AppStore|iPhoneSimulator.Build.0 = AppStore|iPhoneSimulator
		{7E89B21F-72A6-4541-A892-314078A35B4C}.AppStore|x64.ActiveCfg = AppStore|iPhone
		{7E89B21F-72A6-4541-A892-314078A35B4C}.AppStore|x86.ActiveCfg = AppStore|iPhone
		{7E89B21F-72A6-4541-A892-314078A35B4C}.Debug|Any CPU.ActiveCfg = Debug|iPhone
		{7E89B21F-72A6-4541-A892-314078A35B4C}.Debug|ARM.ActiveCfg = Debug|iPhone
		{7E89B21F-72A6-4541-A892-314078A35B4C}.Debug|iPhone.ActiveCfg = Debug|iPhone
		{7E89B21F-72A6-4541-A892-314078A35B4C}.Debug|iPhone.Build.0 = Debug|iPhone
		{7E89B21F-72A6-4541-A892-314078A35B4C}.Debug|iPhoneSimulator.ActiveCfg = Debug|iPhoneSimulator
		{7E89B21F-72A6-4541-A892-314078A35B4C}.Debug|iPhoneSimulator.Build.0 = Debug|iPhoneSimulator
		{7E89B21F-72A6-4541-A892-314078A35B4C}.Debug|x64.ActiveCfg = Debug|iPhone
		{7E89B21F-72A6-4541-A892-314078A35B4C}.Debug|x86.ActiveCfg = Debug|iPhone
		{7E89B21F-72A6-4541-A892-314078A35B4C}.Release|Any CPU.ActiveCfg = Release|iPhone
		{7E89B21F-72A6-4541-A892-314078A35B4C}.Release|ARM.ActiveCfg = Release|iPhone
		{7E89B21F-72A6-4541-A892-314078A35B4C}.Release|iPhone.ActiveCfg = Release|iPhone
		{7E89B21F-72A6-4541-A892-314078A35B4C}.Release|iPhone.Build.0 = Release|iPhone
		{7E89B21F-72A6-4541-A892-314078A35B4C}.Release|iPhoneSimulator.ActiveCfg = Release|iPhoneSimulator
		{7E89B21F-72A6-4541-A892-314078A35B4C}.Release|iPhoneSimulator.Build.0 = Release|iPhoneSimulator
		{7E89B21F-72A6-4541-A892-314078A35B4C}.Release|x64.ActiveCfg = Release|iPhone
		{7E89B21F-72A6-4541-A892-314078A35B4C}.Release|x86.ActiveCfg = Release|iPhone
		{0E37F210-205F-4945-B2F0-75C585EFD9CB}.Ad-Hoc|Any CPU.ActiveCfg = Release|x86
		{0E37F210-205F-4945-B2F0-75C585EFD9CB}.Ad-Hoc|Any CPU.Build.0 = Release|x86
		{0E37F210-205F-4945-B2F0-75C585EFD9CB}.Ad-Hoc|Any CPU.Deploy.0 = Release|x86
		{0E37F210-205F-4945-B2F0-75C585EFD9CB}.Ad-Hoc|ARM.ActiveCfg = Release|ARM
		{0E37F210-205F-4945-B2F0-75C585EFD9CB}.Ad-Hoc|ARM.Build.0 = Release|ARM
		{0E37F210-205F-4945-B2F0-75C585EFD9CB}.Ad-Hoc|ARM.Deploy.0 = Release|ARM
		{0E37F210-205F-4945-B2F0-75C585EFD9CB}.Ad-Hoc|iPhone.ActiveCfg = Release|x86
		{0E37F210-205F-4945-B2F0-75C585EFD9CB}.Ad-Hoc|iPhone.Build.0 = Release|x86
		{0E37F210-205F-4945-B2F0-75C585EFD9CB}.Ad-Hoc|iPhone.Deploy.0 = Release|x86
		{0E37F210-205F-4945-B2F0-75C585EFD9CB}.Ad-Hoc|iPhoneSimulator.ActiveCfg = Release|x86
		{0E37F210-205F-4945-B2F0-75C585EFD9CB}.Ad-Hoc|iPhoneSimulator.Build.0 = Release|x86
		{0E37F210-205F-4945-B2F0-75C585EFD9CB}.Ad-Hoc|iPhoneSimulator.Deploy.0 = Release|x86
		{0E37F210-205F-4945-B2F0-75C585EFD9CB}.Ad-Hoc|x64.ActiveCfg = Release|x64
		{0E37F210-205F-4945-B2F0-75C585EFD9CB}.Ad-Hoc|x64.Build.0 = Release|x64
		{0E37F210-205F-4945-B2F0-75C585EFD9CB}.Ad-Hoc|x64.Deploy.0 = Release|x64
		{0E37F210-205F-4945-B2F0-75C585EFD9CB}.Ad-Hoc|x86.ActiveCfg = Release|x86
		{0E37F210-205F-4945-B2F0-75C585EFD9CB}.Ad-Hoc|x86.Build.0 = Release|x86
		{0E37F210-205F-4945-B2F0-75C585EFD9CB}.Ad-Hoc|x86.Deploy.0 = Release|x86
		{0E37F210-205F-4945-B2F0-75C585EFD9CB}.AppStore|Any CPU.ActiveCfg = Release|x86
		{0E37F210-205F-4945-B2F0-75C585EFD9CB}.AppStore|Any CPU.Build.0 = Release|x86
		{0E37F210-205F-4945-B2F0-75C585EFD9CB}.AppStore|Any CPU.Deploy.0 = Release|x86
		{0E37F210-205F-4945-B2F0-75C585EFD9CB}.AppStore|ARM.ActiveCfg = Release|ARM
		{0E37F210-205F-4945-B2F0-75C585EFD9CB}.AppStore|ARM.Build.0 = Release|ARM
		{0E37F210-205F-4945-B2F0-75C585EFD9CB}.AppStore|ARM.Deploy.0 = Release|ARM
		{0E37F210-205F-4945-B2F0-75C585EFD9CB}.AppStore|iPhone.ActiveCfg = Release|x86
		{0E37F210-205F-4945-B2F0-75C585EFD9CB}.AppStore|iPhone.Build.0 = Release|x86
		{0E37F210-205F-4945-B2F0-75C585EFD9CB}.AppStore|iPhone.Deploy.0 = Release|x86
		{0E37F210-205F-4945-B2F0-75C585EFD9CB}.AppStore|iPhoneSimulator.ActiveCfg = Release|x86
		{0E37F210-205F-4945-B2F0-75C585EFD9CB}.AppStore|iPhoneSimulator.Build.0 = Release|x86
		{0E37F210-205F-4945-B2F0-75C585EFD9CB}.AppStore|iPhoneSimulator.Deploy.0 = Release|x86
		{0E37F210-205F-4945-B2F0-75C585EFD9CB}.AppStore|x64.ActiveCfg = Release|x64
		{0E37F210-205F-4945-B2F0-75C585EFD9CB}.AppStore|x64.Build.0 = Release|x64
		{0E37F210-205F-4945-B2F0-75C585EFD9CB}.AppStore|x64.Deploy.0 = Release|x64
		{0E37F210-205F-4945-B2F0-75C585EFD9CB}.AppStore|x86.ActiveCfg = Release|x86
		{0E37F210-205F-4945-B2F0-75C585EFD9CB}.AppStore|x86.Build.0 = Release|x86
		{0E37F210-205F-4945-B2F0-75C585EFD9CB}.AppStore|x86.Deploy.0 = Release|x86
		{0E37F210-205F-4945-B2F0-75C585EFD9CB}.Debug|Any CPU.ActiveCfg = Debug|x86
		{0E37F210-205F-4945-B2F0-75C585EFD9CB}.Debug|ARM.ActiveCfg = Debug|ARM
		{0E37F210-205F-4945-B2F0-75C585EFD9CB}.Debug|ARM.Build.0 = Debug|ARM
		{0E37F210-205F-4945-B2F0-75C585EFD9CB}.Debug|ARM.Deploy.0 = Debug|ARM
		{0E37F210-205F-4945-B2F0-75C585EFD9CB}.Debug|iPhone.ActiveCfg = Debug|x86
		{0E37F210-205F-4945-B2F0-75C585EFD9CB}.Debug|iPhoneSimulator.ActiveCfg = Debug|x86
		{0E37F210-205F-4945-B2F0-75C585EFD9CB}.Debug|x64.ActiveCfg = Debug|x64
		{0E37F210-205F-4945-B2F0-75C585EFD9CB}.Debug|x64.Build.0 = Debug|x64
		{0E37F210-205F-4945-B2F0-75C585EFD9CB}.Debug|x64.Deploy.0 = Debug|x64
		{0E37F210-205F-4945-B2F0-75C585EFD9CB}.Debug|x86.ActiveCfg = Debug|x86
		{0E37F210-205F-4945-B2F0-75C585EFD9CB}.Debug|x86.Build.0 = Debug|x86
		{0E37F210-205F-4945-B2F0-75C585EFD9CB}.Debug|x86.Deploy.0 = Debug|x86
		{0E37F210-205F-4945-B2F0-75C585EFD9CB}.Release|Any CPU.ActiveCfg = Release|x86
		{0E37F210-205F-4945-B2F0-75C585EFD9CB}.Release|ARM.ActiveCfg = Release|ARM
		{0E37F210-205F-4945-B2F0-75C585EFD9CB}.Release|ARM.Build.0 = Release|ARM
		{0E37F210-205F-4945-B2F0-75C585EFD9CB}.Release|ARM.Deploy.0 = Release|ARM
		{0E37F210-205F-4945-B2F0-75C585EFD9CB}.Release|iPhone.ActiveCfg = Release|x86
		{0E37F210-205F-4945-B2F0-75C585EFD9CB}.Release|iPhoneSimulator.ActiveCfg = Release|x86
		{0E37F210-205F-4945-B2F0-75C585EFD9CB}.Release|x64.ActiveCfg = Release|x64
		{0E37F210-205F-4945-B2F0-75C585EFD9CB}.Release|x64.Build.0 = Release|x64
		{0E37F210-205F-4945-B2F0-75C585EFD9CB}.Release|x64.Deploy.0 = Release|x64
		{0E37F210-205F-4945-B2F0-75C585EFD9CB}.Release|x86.ActiveCfg = Release|x86
		{0E37F210-205F-4945-B2F0-75C585EFD9CB}.Release|x86.Build.0 = Release|x86
		{0E37F210-205F-4945-B2F0-75C585EFD9CB}.Release|x86.Deploy.0 = Release|x86
		{C5299AF3-1CB5-49E5-8704-2FCB15776E8D}.Ad-Hoc|Any CPU.ActiveCfg = Debug|Any CPU
		{C5299AF3-1CB5-49E5-8704-2FCB15776E8D}.Ad-Hoc|Any CPU.Build.0 = Debug|Any CPU
		{C5299AF3-1CB5-49E5-8704-2FCB15776E8D}.Ad-Hoc|ARM.ActiveCfg = Debug|Any CPU
		{C5299AF3-1CB5-49E5-8704-2FCB15776E8D}.Ad-Hoc|ARM.Build.0 = Debug|Any CPU
		{C5299AF3-1CB5-49E5-8704-2FCB15776E8D}.Ad-Hoc|iPhone.ActiveCfg = Debug|Any CPU
		{C5299AF3-1CB5-49E5-8704-2FCB15776E8D}.Ad-Hoc|iPhone.Build.0 = Debug|Any CPU
		{C5299AF3-1CB5-49E5-8704-2FCB15776E8D}.Ad-Hoc|iPhoneSimulator.ActiveCfg = Debug|Any CPU
		{C5299AF3-1CB5-49E5-8704-2FCB15776E8D}.Ad-Hoc|iPhoneSimulator.Build.0 = Debug|Any CPU
		{C5299AF3-1CB5-49E5-8704-2FCB15776E8D}.Ad-Hoc|x64.ActiveCfg = Debug|Any CPU
		{C5299AF3-1CB5-49E5-8704-2FCB15776E8D}.Ad-Hoc|x64.Build.0 = Debug|Any CPU
		{C5299AF3-1CB5-49E5-8704-2FCB15776E8D}.Ad-Hoc|x86.ActiveCfg = Debug|Any CPU
		{C5299AF3-1CB5-49E5-8704-2FCB15776E8D}.Ad-Hoc|x86.Build.0 = Debug|Any CPU
		{C5299AF3-1CB5-49E5-8704-2FCB15776E8D}.AppStore|Any CPU.ActiveCfg = Debug|Any CPU
		{C5299AF3-1CB5-49E5-8704-2FCB15776E8D}.AppStore|Any CPU.Build.0 = Debug|Any CPU
		{C5299AF3-1CB5-49E5-8704-2FCB15776E8D}.AppStore|ARM.ActiveCfg = Debug|Any CPU
		{C5299AF3-1CB5-49E5-8704-2FCB15776E8D}.AppStore|ARM.Build.0 = Debug|Any CPU
		{C5299AF3-1CB5-49E5-8704-2FCB15776E8D}.AppStore|iPhone.ActiveCfg = Debug|Any CPU
		{C5299AF3-1CB5-49E5-8704-2FCB15776E8D}.AppStore|iPhone.Build.0 = Debug|Any CPU
		{C5299AF3-1CB5-49E5-8704-2FCB15776E8D}.AppStore|iPhoneSimulator.ActiveCfg = Debug|Any CPU
		{C5299AF3-1CB5-49E5-8704-2FCB15776E8D}.AppStore|iPhoneSimulator.Build.0 = Debug|Any CPU
		{C5299AF3-1CB5-49E5-8704-2FCB15776E8D}.AppStore|x64.ActiveCfg = Debug|Any CPU
		{C5299AF3-1CB5-49E5-8704-2FCB15776E8D}.AppStore|x64.Build.0 = Debug|Any CPU
		{C5299AF3-1CB5-49E5-8704-2FCB15776E8D}.AppStore|x86.ActiveCfg = Debug|Any CPU
		{C5299AF3-1CB5-49E5-8704-2FCB15776E8D}.AppStore|x86.Build.0 = Debug|Any CPU
		{C5299AF3-1CB5-49E5-8704-2FCB15776E8D}.Debug|Any CPU.ActiveCfg = Debug|Any CPU
		{C5299AF3-1CB5-49E5-8704-2FCB15776E8D}.Debug|Any CPU.Build.0 = Debug|Any CPU
		{C5299AF3-1CB5-49E5-8704-2FCB15776E8D}.Debug|ARM.ActiveCfg = Debug|Any CPU
		{C5299AF3-1CB5-49E5-8704-2FCB15776E8D}.Debug|ARM.Build.0 = Debug|Any CPU
		{C5299AF3-1CB5-49E5-8704-2FCB15776E8D}.Debug|iPhone.ActiveCfg = Debug|Any CPU
		{C5299AF3-1CB5-49E5-8704-2FCB15776E8D}.Debug|iPhone.Build.0 = Debug|Any CPU
		{C5299AF3-1CB5-49E5-8704-2FCB15776E8D}.Debug|iPhoneSimulator.ActiveCfg = Debug|Any CPU
		{C5299AF3-1CB5-49E5-8704-2FCB15776E8D}.Debug|iPhoneSimulator.Build.0 = Debug|Any CPU
		{C5299AF3-1CB5-49E5-8704-2FCB15776E8D}.Debug|x64.ActiveCfg = Debug|Any CPU
		{C5299AF3-1CB5-49E5-8704-2FCB15776E8D}.Debug|x64.Build.0 = Debug|Any CPU
		{C5299AF3-1CB5-49E5-8704-2FCB15776E8D}.Debug|x86.ActiveCfg = Debug|Any CPU
		{C5299AF3-1CB5-49E5-8704-2FCB15776E8D}.Debug|x86.Build.0 = Debug|Any CPU
		{C5299AF3-1CB5-49E5-8704-2FCB15776E8D}.Release|Any CPU.ActiveCfg = Release|Any CPU
		{C5299AF3-1CB5-49E5-8704-2FCB15776E8D}.Release|Any CPU.Build.0 = Release|Any CPU
		{C5299AF3-1CB5-49E5-8704-2FCB15776E8D}.Release|ARM.ActiveCfg = Release|Any CPU
		{C5299AF3-1CB5-49E5-8704-2FCB15776E8D}.Release|ARM.Build.0 = Release|Any CPU
		{C5299AF3-1CB5-49E5-8704-2FCB15776E8D}.Release|iPhone.ActiveCfg = Release|Any CPU
		{C5299AF3-1CB5-49E5-8704-2FCB15776E8D}.Release|iPhone.Build.0 = Release|Any CPU
		{C5299AF3-1CB5-49E5-8704-2FCB15776E8D}.Release|iPhoneSimulator.ActiveCfg = Release|Any CPU
		{C5299AF3-1CB5-49E5-8704-2FCB15776E8D}.Release|iPhoneSimulator.Build.0 = Release|Any CPU
		{C5299AF3-1CB5-49E5-8704-2FCB15776E8D}.Release|x64.ActiveCfg = Release|Any CPU
		{C5299AF3-1CB5-49E5-8704-2FCB15776E8D}.Release|x64.Build.0 = Release|Any CPU
		{C5299AF3-1CB5-49E5-8704-2FCB15776E8D}.Release|x86.ActiveCfg = Release|Any CPU
		{C5299AF3-1CB5-49E5-8704-2FCB15776E8D}.Release|x86.Build.0 = Release|Any CPU
		{716E5F66-9B18-403A-87E0-6D6647FBBF5C}.Ad-Hoc|Any CPU.ActiveCfg = Debug|Any CPU
		{716E5F66-9B18-403A-87E0-6D6647FBBF5C}.Ad-Hoc|Any CPU.Build.0 = Debug|Any CPU
		{716E5F66-9B18-403A-87E0-6D6647FBBF5C}.Ad-Hoc|ARM.ActiveCfg = Debug|Any CPU
		{716E5F66-9B18-403A-87E0-6D6647FBBF5C}.Ad-Hoc|ARM.Build.0 = Debug|Any CPU
		{716E5F66-9B18-403A-87E0-6D6647FBBF5C}.Ad-Hoc|iPhone.ActiveCfg = Debug|Any CPU
		{716E5F66-9B18-403A-87E0-6D6647FBBF5C}.Ad-Hoc|iPhone.Build.0 = Debug|Any CPU
		{716E5F66-9B18-403A-87E0-6D6647FBBF5C}.Ad-Hoc|iPhoneSimulator.ActiveCfg = Debug|Any CPU
		{716E5F66-9B18-403A-87E0-6D6647FBBF5C}.Ad-Hoc|iPhoneSimulator.Build.0 = Debug|Any CPU
		{716E5F66-9B18-403A-87E0-6D6647FBBF5C}.Ad-Hoc|x64.ActiveCfg = Debug|Any CPU
		{716E5F66-9B18-403A-87E0-6D6647FBBF5C}.Ad-Hoc|x64.Build.0 = Debug|Any CPU
		{716E5F66-9B18-403A-87E0-6D6647FBBF5C}.Ad-Hoc|x86.ActiveCfg = Debug|Any CPU
		{716E5F66-9B18-403A-87E0-6D6647FBBF5C}.Ad-Hoc|x86.Build.0 = Debug|Any CPU
		{716E5F66-9B18-403A-87E0-6D6647FBBF5C}.AppStore|Any CPU.ActiveCfg = Debug|Any CPU
		{716E5F66-9B18-403A-87E0-6D6647FBBF5C}.AppStore|Any CPU.Build.0 = Debug|Any CPU
		{716E5F66-9B18-403A-87E0-6D6647FBBF5C}.AppStore|ARM.ActiveCfg = Debug|Any CPU
		{716E5F66-9B18-403A-87E0-6D6647FBBF5C}.AppStore|ARM.Build.0 = Debug|Any CPU
		{716E5F66-9B18-403A-87E0-6D6647FBBF5C}.AppStore|iPhone.ActiveCfg = Debug|Any CPU
		{716E5F66-9B18-403A-87E0-6D6647FBBF5C}.AppStore|iPhone.Build.0 = Debug|Any CPU
		{716E5F66-9B18-403A-87E0-6D6647FBBF5C}.AppStore|iPhoneSimulator.ActiveCfg = Debug|Any CPU
		{716E5F66-9B18-403A-87E0-6D6647FBBF5C}.AppStore|iPhoneSimulator.Build.0 = Debug|Any CPU
		{716E5F66-9B18-403A-87E0-6D6647FBBF5C}.AppStore|x64.ActiveCfg = Debug|Any CPU
		{716E5F66-9B18-403A-87E0-6D6647FBBF5C}.AppStore|x64.Build.0 = Debug|Any CPU
		{716E5F66-9B18-403A-87E0-6D6647FBBF5C}.AppStore|x86.ActiveCfg = Debug|Any CPU
		{716E5F66-9B18-403A-87E0-6D6647FBBF5C}.AppStore|x86.Build.0 = Debug|Any CPU
		{716E5F66-9B18-403A-87E0-6D6647FBBF5C}.Debug|Any CPU.ActiveCfg = Debug|Any CPU
		{716E5F66-9B18-403A-87E0-6D6647FBBF5C}.Debug|Any CPU.Build.0 = Debug|Any CPU
		{716E5F66-9B18-403A-87E0-6D6647FBBF5C}.Debug|ARM.ActiveCfg = Debug|Any CPU
		{716E5F66-9B18-403A-87E0-6D6647FBBF5C}.Debug|ARM.Build.0 = Debug|Any CPU
		{716E5F66-9B18-403A-87E0-6D6647FBBF5C}.Debug|iPhone.ActiveCfg = Debug|Any CPU
		{716E5F66-9B18-403A-87E0-6D6647FBBF5C}.Debug|iPhone.Build.0 = Debug|Any CPU
		{716E5F66-9B18-403A-87E0-6D6647FBBF5C}.Debug|iPhoneSimulator.ActiveCfg = Debug|Any CPU
		{716E5F66-9B18-403A-87E0-6D6647FBBF5C}.Debug|iPhoneSimulator.Build.0 = Debug|Any CPU
		{716E5F66-9B18-403A-87E0-6D6647FBBF5C}.Debug|x64.ActiveCfg = Debug|Any CPU
		{716E5F66-9B18-403A-87E0-6D6647FBBF5C}.Debug|x64.Build.0 = Debug|Any CPU
		{716E5F66-9B18-403A-87E0-6D6647FBBF5C}.Debug|x86.ActiveCfg = Debug|Any CPU
		{716E5F66-9B18-403A-87E0-6D6647FBBF5C}.Debug|x86.Build.0 = Debug|Any CPU
		{716E5F66-9B18-403A-87E0-6D6647FBBF5C}.Release|Any CPU.ActiveCfg = Release|Any CPU
		{716E5F66-9B18-403A-87E0-6D6647FBBF5C}.Release|Any CPU.Build.0 = Release|Any CPU
		{716E5F66-9B18-403A-87E0-6D6647FBBF5C}.Release|ARM.ActiveCfg = Release|Any CPU
		{716E5F66-9B18-403A-87E0-6D6647FBBF5C}.Release|ARM.Build.0 = Release|Any CPU
		{716E5F66-9B18-403A-87E0-6D6647FBBF5C}.Release|iPhone.ActiveCfg = Release|Any CPU
		{716E5F66-9B18-403A-87E0-6D6647FBBF5C}.Release|iPhone.Build.0 = Release|Any CPU
		{716E5F66-9B18-403A-87E0-6D6647FBBF5C}.Release|iPhoneSimulator.ActiveCfg = Release|Any CPU
		{716E5F66-9B18-403A-87E0-6D6647FBBF5C}.Release|iPhoneSimulator.Build.0 = Release|Any CPU
		{716E5F66-9B18-403A-87E0-6D6647FBBF5C}.Release|x64.ActiveCfg = Release|Any CPU
		{716E5F66-9B18-403A-87E0-6D6647FBBF5C}.Release|x64.Build.0 = Release|Any CPU
		{716E5F66-9B18-403A-87E0-6D6647FBBF5C}.Release|x86.ActiveCfg = Release|Any CPU
		{716E5F66-9B18-403A-87E0-6D6647FBBF5C}.Release|x86.Build.0 = Release|Any CPU
		{2F3FB83D-088B-49AD-AD6A-8DF071B96263}.Ad-Hoc|Any CPU.ActiveCfg = Debug|Any CPU
		{2F3FB83D-088B-49AD-AD6A-8DF071B96263}.Ad-Hoc|Any CPU.Build.0 = Debug|Any CPU
		{2F3FB83D-088B-49AD-AD6A-8DF071B96263}.Ad-Hoc|ARM.ActiveCfg = Debug|Any CPU
		{2F3FB83D-088B-49AD-AD6A-8DF071B96263}.Ad-Hoc|ARM.Build.0 = Debug|Any CPU
		{2F3FB83D-088B-49AD-AD6A-8DF071B96263}.Ad-Hoc|iPhone.ActiveCfg = Debug|Any CPU
		{2F3FB83D-088B-49AD-AD6A-8DF071B96263}.Ad-Hoc|iPhone.Build.0 = Debug|Any CPU
		{2F3FB83D-088B-49AD-AD6A-8DF071B96263}.Ad-Hoc|iPhoneSimulator.ActiveCfg = Debug|Any CPU
		{2F3FB83D-088B-49AD-AD6A-8DF071B96263}.Ad-Hoc|iPhoneSimulator.Build.0 = Debug|Any CPU
		{2F3FB83D-088B-49AD-AD6A-8DF071B96263}.Ad-Hoc|x64.ActiveCfg = Debug|Any CPU
		{2F3FB83D-088B-49AD-AD6A-8DF071B96263}.Ad-Hoc|x64.Build.0 = Debug|Any CPU
		{2F3FB83D-088B-49AD-AD6A-8DF071B96263}.Ad-Hoc|x86.ActiveCfg = Debug|Any CPU
		{2F3FB83D-088B-49AD-AD6A-8DF071B96263}.Ad-Hoc|x86.Build.0 = Debug|Any CPU
		{2F3FB83D-088B-49AD-AD6A-8DF071B96263}.AppStore|Any CPU.ActiveCfg = Debug|Any CPU
		{2F3FB83D-088B-49AD-AD6A-8DF071B96263}.AppStore|Any CPU.Build.0 = Debug|Any CPU
		{2F3FB83D-088B-49AD-AD6A-8DF071B96263}.AppStore|ARM.ActiveCfg = Debug|Any CPU
		{2F3FB83D-088B-49AD-AD6A-8DF071B96263}.AppStore|ARM.Build.0 = Debug|Any CPU
		{2F3FB83D-088B-49AD-AD6A-8DF071B96263}.AppStore|iPhone.ActiveCfg = Debug|Any CPU
		{2F3FB83D-088B-49AD-AD6A-8DF071B96263}.AppStore|iPhone.Build.0 = Debug|Any CPU
		{2F3FB83D-088B-49AD-AD6A-8DF071B96263}.AppStore|iPhoneSimulator.ActiveCfg = Debug|Any CPU
		{2F3FB83D-088B-49AD-AD6A-8DF071B96263}.AppStore|iPhoneSimulator.Build.0 = Debug|Any CPU
		{2F3FB83D-088B-49AD-AD6A-8DF071B96263}.AppStore|x64.ActiveCfg = Debug|Any CPU
		{2F3FB83D-088B-49AD-AD6A-8DF071B96263}.AppStore|x64.Build.0 = Debug|Any CPU
		{2F3FB83D-088B-49AD-AD6A-8DF071B96263}.AppStore|x86.ActiveCfg = Debug|Any CPU
		{2F3FB83D-088B-49AD-AD6A-8DF071B96263}.AppStore|x86.Build.0 = Debug|Any CPU
		{2F3FB83D-088B-49AD-AD6A-8DF071B96263}.Debug|Any CPU.ActiveCfg = Debug|Any CPU
		{2F3FB83D-088B-49AD-AD6A-8DF071B96263}.Debug|Any CPU.Build.0 = Debug|Any CPU
		{2F3FB83D-088B-49AD-AD6A-8DF071B96263}.Debug|ARM.ActiveCfg = Debug|Any CPU
		{2F3FB83D-088B-49AD-AD6A-8DF071B96263}.Debug|ARM.Build.0 = Debug|Any CPU
		{2F3FB83D-088B-49AD-AD6A-8DF071B96263}.Debug|iPhone.ActiveCfg = Debug|Any CPU
		{2F3FB83D-088B-49AD-AD6A-8DF071B96263}.Debug|iPhone.Build.0 = Debug|Any CPU
		{2F3FB83D-088B-49AD-AD6A-8DF071B96263}.Debug|iPhoneSimulator.ActiveCfg = Debug|Any CPU
		{2F3FB83D-088B-49AD-AD6A-8DF071B96263}.Debug|iPhoneSimulator.Build.0 = Debug|Any CPU
		{2F3FB83D-088B-49AD-AD6A-8DF071B96263}.Debug|x64.ActiveCfg = Debug|Any CPU
		{2F3FB83D-088B-49AD-AD6A-8DF071B96263}.Debug|x64.Build.0 = Debug|Any CPU
		{2F3FB83D-088B-49AD-AD6A-8DF071B96263}.Debug|x86.ActiveCfg = Debug|Any CPU
		{2F3FB83D-088B-49AD-AD6A-8DF071B96263}.Debug|x86.Build.0 = Debug|Any CPU
		{2F3FB83D-088B-49AD-AD6A-8DF071B96263}.Release|Any CPU.ActiveCfg = Release|Any CPU
		{2F3FB83D-088B-49AD-AD6A-8DF071B96263}.Release|Any CPU.Build.0 = Release|Any CPU
		{2F3FB83D-088B-49AD-AD6A-8DF071B96263}.Release|ARM.ActiveCfg = Release|Any CPU
		{2F3FB83D-088B-49AD-AD6A-8DF071B96263}.Release|ARM.Build.0 = Release|Any CPU
		{2F3FB83D-088B-49AD-AD6A-8DF071B96263}.Release|iPhone.ActiveCfg = Release|Any CPU
		{2F3FB83D-088B-49AD-AD6A-8DF071B96263}.Release|iPhone.Build.0 = Release|Any CPU
		{2F3FB83D-088B-49AD-AD6A-8DF071B96263}.Release|iPhoneSimulator.ActiveCfg = Release|Any CPU
		{2F3FB83D-088B-49AD-AD6A-8DF071B96263}.Release|iPhoneSimulator.Build.0 = Release|Any CPU
		{2F3FB83D-088B-49AD-AD6A-8DF071B96263}.Release|x64.ActiveCfg = Release|Any CPU
		{2F3FB83D-088B-49AD-AD6A-8DF071B96263}.Release|x64.Build.0 = Release|Any CPU
		{2F3FB83D-088B-49AD-AD6A-8DF071B96263}.Release|x86.ActiveCfg = Release|Any CPU
		{2F3FB83D-088B-49AD-AD6A-8DF071B96263}.Release|x86.Build.0 = Release|Any CPU
		{DA90DAC0-6FEC-42C3-8072-F6ABBA46CF3E}.Ad-Hoc|Any CPU.ActiveCfg = Debug|Any CPU
		{DA90DAC0-6FEC-42C3-8072-F6ABBA46CF3E}.Ad-Hoc|Any CPU.Build.0 = Debug|Any CPU
		{DA90DAC0-6FEC-42C3-8072-F6ABBA46CF3E}.Ad-Hoc|ARM.ActiveCfg = Debug|Any CPU
		{DA90DAC0-6FEC-42C3-8072-F6ABBA46CF3E}.Ad-Hoc|ARM.Build.0 = Debug|Any CPU
		{DA90DAC0-6FEC-42C3-8072-F6ABBA46CF3E}.Ad-Hoc|iPhone.ActiveCfg = Debug|Any CPU
		{DA90DAC0-6FEC-42C3-8072-F6ABBA46CF3E}.Ad-Hoc|iPhone.Build.0 = Debug|Any CPU
		{DA90DAC0-6FEC-42C3-8072-F6ABBA46CF3E}.Ad-Hoc|iPhoneSimulator.ActiveCfg = Debug|Any CPU
		{DA90DAC0-6FEC-42C3-8072-F6ABBA46CF3E}.Ad-Hoc|iPhoneSimulator.Build.0 = Debug|Any CPU
		{DA90DAC0-6FEC-42C3-8072-F6ABBA46CF3E}.Ad-Hoc|x64.ActiveCfg = Debug|Any CPU
		{DA90DAC0-6FEC-42C3-8072-F6ABBA46CF3E}.Ad-Hoc|x64.Build.0 = Debug|Any CPU
		{DA90DAC0-6FEC-42C3-8072-F6ABBA46CF3E}.Ad-Hoc|x86.ActiveCfg = Debug|Any CPU
		{DA90DAC0-6FEC-42C3-8072-F6ABBA46CF3E}.Ad-Hoc|x86.Build.0 = Debug|Any CPU
		{DA90DAC0-6FEC-42C3-8072-F6ABBA46CF3E}.AppStore|Any CPU.ActiveCfg = Debug|Any CPU
		{DA90DAC0-6FEC-42C3-8072-F6ABBA46CF3E}.AppStore|Any CPU.Build.0 = Debug|Any CPU
		{DA90DAC0-6FEC-42C3-8072-F6ABBA46CF3E}.AppStore|ARM.ActiveCfg = Debug|Any CPU
		{DA90DAC0-6FEC-42C3-8072-F6ABBA46CF3E}.AppStore|ARM.Build.0 = Debug|Any CPU
		{DA90DAC0-6FEC-42C3-8072-F6ABBA46CF3E}.AppStore|iPhone.ActiveCfg = Debug|Any CPU
		{DA90DAC0-6FEC-42C3-8072-F6ABBA46CF3E}.AppStore|iPhone.Build.0 = Debug|Any CPU
		{DA90DAC0-6FEC-42C3-8072-F6ABBA46CF3E}.AppStore|iPhoneSimulator.ActiveCfg = Debug|Any CPU
		{DA90DAC0-6FEC-42C3-8072-F6ABBA46CF3E}.AppStore|iPhoneSimulator.Build.0 = Debug|Any CPU
		{DA90DAC0-6FEC-42C3-8072-F6ABBA46CF3E}.AppStore|x64.ActiveCfg = Debug|Any CPU
		{DA90DAC0-6FEC-42C3-8072-F6ABBA46CF3E}.AppStore|x64.Build.0 = Debug|Any CPU
		{DA90DAC0-6FEC-42C3-8072-F6ABBA46CF3E}.AppStore|x86.ActiveCfg = Debug|Any CPU
		{DA90DAC0-6FEC-42C3-8072-F6ABBA46CF3E}.AppStore|x86.Build.0 = Debug|Any CPU
		{DA90DAC0-6FEC-42C3-8072-F6ABBA46CF3E}.Debug|Any CPU.ActiveCfg = Debug|Any CPU
		{DA90DAC0-6FEC-42C3-8072-F6ABBA46CF3E}.Debug|Any CPU.Build.0 = Debug|Any CPU
		{DA90DAC0-6FEC-42C3-8072-F6ABBA46CF3E}.Debug|ARM.ActiveCfg = Debug|Any CPU
		{DA90DAC0-6FEC-42C3-8072-F6ABBA46CF3E}.Debug|ARM.Build.0 = Debug|Any CPU
		{DA90DAC0-6FEC-42C3-8072-F6ABBA46CF3E}.Debug|iPhone.ActiveCfg = Debug|Any CPU
		{DA90DAC0-6FEC-42C3-8072-F6ABBA46CF3E}.Debug|iPhone.Build.0 = Debug|Any CPU
		{DA90DAC0-6FEC-42C3-8072-F6ABBA46CF3E}.Debug|iPhoneSimulator.ActiveCfg = Debug|Any CPU
		{DA90DAC0-6FEC-42C3-8072-F6ABBA46CF3E}.Debug|iPhoneSimulator.Build.0 = Debug|Any CPU
		{DA90DAC0-6FEC-42C3-8072-F6ABBA46CF3E}.Debug|x64.ActiveCfg = Debug|Any CPU
		{DA90DAC0-6FEC-42C3-8072-F6ABBA46CF3E}.Debug|x64.Build.0 = Debug|Any CPU
		{DA90DAC0-6FEC-42C3-8072-F6ABBA46CF3E}.Debug|x86.ActiveCfg = Debug|Any CPU
		{DA90DAC0-6FEC-42C3-8072-F6ABBA46CF3E}.Debug|x86.Build.0 = Debug|Any CPU
		{DA90DAC0-6FEC-42C3-8072-F6ABBA46CF3E}.Release|Any CPU.ActiveCfg = Release|Any CPU
		{DA90DAC0-6FEC-42C3-8072-F6ABBA46CF3E}.Release|Any CPU.Build.0 = Release|Any CPU
		{DA90DAC0-6FEC-42C3-8072-F6ABBA46CF3E}.Release|ARM.ActiveCfg = Release|Any CPU
		{DA90DAC0-6FEC-42C3-8072-F6ABBA46CF3E}.Release|ARM.Build.0 = Release|Any CPU
		{DA90DAC0-6FEC-42C3-8072-F6ABBA46CF3E}.Release|iPhone.ActiveCfg = Release|Any CPU
		{DA90DAC0-6FEC-42C3-8072-F6ABBA46CF3E}.Release|iPhone.Build.0 = Release|Any CPU
		{DA90DAC0-6FEC-42C3-8072-F6ABBA46CF3E}.Release|iPhoneSimulator.ActiveCfg = Release|Any CPU
		{DA90DAC0-6FEC-42C3-8072-F6ABBA46CF3E}.Release|iPhoneSimulator.Build.0 = Release|Any CPU
		{DA90DAC0-6FEC-42C3-8072-F6ABBA46CF3E}.Release|x64.ActiveCfg = Release|Any CPU
		{DA90DAC0-6FEC-42C3-8072-F6ABBA46CF3E}.Release|x64.Build.0 = Release|Any CPU
		{DA90DAC0-6FEC-42C3-8072-F6ABBA46CF3E}.Release|x86.ActiveCfg = Release|Any CPU
		{DA90DAC0-6FEC-42C3-8072-F6ABBA46CF3E}.Release|x86.Build.0 = Release|Any CPU
		{5F7BF193-4FAB-4348-B779-57CA9AB0F7FF}.Ad-Hoc|Any CPU.ActiveCfg = Debug|Any CPU
		{5F7BF193-4FAB-4348-B779-57CA9AB0F7FF}.Ad-Hoc|Any CPU.Build.0 = Debug|Any CPU
		{5F7BF193-4FAB-4348-B779-57CA9AB0F7FF}.Ad-Hoc|ARM.ActiveCfg = Debug|Any CPU
		{5F7BF193-4FAB-4348-B779-57CA9AB0F7FF}.Ad-Hoc|ARM.Build.0 = Debug|Any CPU
		{5F7BF193-4FAB-4348-B779-57CA9AB0F7FF}.Ad-Hoc|iPhone.ActiveCfg = Debug|Any CPU
		{5F7BF193-4FAB-4348-B779-57CA9AB0F7FF}.Ad-Hoc|iPhone.Build.0 = Debug|Any CPU
		{5F7BF193-4FAB-4348-B779-57CA9AB0F7FF}.Ad-Hoc|iPhoneSimulator.ActiveCfg = Debug|Any CPU
		{5F7BF193-4FAB-4348-B779-57CA9AB0F7FF}.Ad-Hoc|iPhoneSimulator.Build.0 = Debug|Any CPU
		{5F7BF193-4FAB-4348-B779-57CA9AB0F7FF}.Ad-Hoc|x64.ActiveCfg = Debug|Any CPU
		{5F7BF193-4FAB-4348-B779-57CA9AB0F7FF}.Ad-Hoc|x64.Build.0 = Debug|Any CPU
		{5F7BF193-4FAB-4348-B779-57CA9AB0F7FF}.Ad-Hoc|x86.ActiveCfg = Debug|Any CPU
		{5F7BF193-4FAB-4348-B779-57CA9AB0F7FF}.Ad-Hoc|x86.Build.0 = Debug|Any CPU
		{5F7BF193-4FAB-4348-B779-57CA9AB0F7FF}.AppStore|Any CPU.ActiveCfg = Debug|Any CPU
		{5F7BF193-4FAB-4348-B779-57CA9AB0F7FF}.AppStore|Any CPU.Build.0 = Debug|Any CPU
		{5F7BF193-4FAB-4348-B779-57CA9AB0F7FF}.AppStore|ARM.ActiveCfg = Debug|Any CPU
		{5F7BF193-4FAB-4348-B779-57CA9AB0F7FF}.AppStore|ARM.Build.0 = Debug|Any CPU
		{5F7BF193-4FAB-4348-B779-57CA9AB0F7FF}.AppStore|iPhone.ActiveCfg = Debug|Any CPU
		{5F7BF193-4FAB-4348-B779-57CA9AB0F7FF}.AppStore|iPhone.Build.0 = Debug|Any CPU
		{5F7BF193-4FAB-4348-B779-57CA9AB0F7FF}.AppStore|iPhoneSimulator.ActiveCfg = Debug|Any CPU
		{5F7BF193-4FAB-4348-B779-57CA9AB0F7FF}.AppStore|iPhoneSimulator.Build.0 = Debug|Any CPU
		{5F7BF193-4FAB-4348-B779-57CA9AB0F7FF}.AppStore|x64.ActiveCfg = Debug|Any CPU
		{5F7BF193-4FAB-4348-B779-57CA9AB0F7FF}.AppStore|x64.Build.0 = Debug|Any CPU
		{5F7BF193-4FAB-4348-B779-57CA9AB0F7FF}.AppStore|x86.ActiveCfg = Debug|Any CPU
		{5F7BF193-4FAB-4348-B779-57CA9AB0F7FF}.AppStore|x86.Build.0 = Debug|Any CPU
		{5F7BF193-4FAB-4348-B779-57CA9AB0F7FF}.Debug|Any CPU.ActiveCfg = Debug|Any CPU
		{5F7BF193-4FAB-4348-B779-57CA9AB0F7FF}.Debug|Any CPU.Build.0 = Debug|Any CPU
		{5F7BF193-4FAB-4348-B779-57CA9AB0F7FF}.Debug|ARM.ActiveCfg = Debug|Any CPU
		{5F7BF193-4FAB-4348-B779-57CA9AB0F7FF}.Debug|ARM.Build.0 = Debug|Any CPU
		{5F7BF193-4FAB-4348-B779-57CA9AB0F7FF}.Debug|iPhone.ActiveCfg = Debug|Any CPU
		{5F7BF193-4FAB-4348-B779-57CA9AB0F7FF}.Debug|iPhone.Build.0 = Debug|Any CPU
		{5F7BF193-4FAB-4348-B779-57CA9AB0F7FF}.Debug|iPhoneSimulator.ActiveCfg = Debug|Any CPU
		{5F7BF193-4FAB-4348-B779-57CA9AB0F7FF}.Debug|iPhoneSimulator.Build.0 = Debug|Any CPU
		{5F7BF193-4FAB-4348-B779-57CA9AB0F7FF}.Debug|x64.ActiveCfg = Debug|Any CPU
		{5F7BF193-4FAB-4348-B779-57CA9AB0F7FF}.Debug|x64.Build.0 = Debug|Any CPU
		{5F7BF193-4FAB-4348-B779-57CA9AB0F7FF}.Debug|x86.ActiveCfg = Debug|Any CPU
		{5F7BF193-4FAB-4348-B779-57CA9AB0F7FF}.Debug|x86.Build.0 = Debug|Any CPU
		{5F7BF193-4FAB-4348-B779-57CA9AB0F7FF}.Release|Any CPU.ActiveCfg = Release|Any CPU
		{5F7BF193-4FAB-4348-B779-57CA9AB0F7FF}.Release|Any CPU.Build.0 = Release|Any CPU
		{5F7BF193-4FAB-4348-B779-57CA9AB0F7FF}.Release|ARM.ActiveCfg = Release|Any CPU
		{5F7BF193-4FAB-4348-B779-57CA9AB0F7FF}.Release|ARM.Build.0 = Release|Any CPU
		{5F7BF193-4FAB-4348-B779-57CA9AB0F7FF}.Release|iPhone.ActiveCfg = Release|Any CPU
		{5F7BF193-4FAB-4348-B779-57CA9AB0F7FF}.Release|iPhone.Build.0 = Release|Any CPU
		{5F7BF193-4FAB-4348-B779-57CA9AB0F7FF}.Release|iPhoneSimulator.ActiveCfg = Release|Any CPU
		{5F7BF193-4FAB-4348-B779-57CA9AB0F7FF}.Release|iPhoneSimulator.Build.0 = Release|Any CPU
		{5F7BF193-4FAB-4348-B779-57CA9AB0F7FF}.Release|x64.ActiveCfg = Release|Any CPU
		{5F7BF193-4FAB-4348-B779-57CA9AB0F7FF}.Release|x64.Build.0 = Release|Any CPU
		{5F7BF193-4FAB-4348-B779-57CA9AB0F7FF}.Release|x86.ActiveCfg = Release|Any CPU
		{5F7BF193-4FAB-4348-B779-57CA9AB0F7FF}.Release|x86.Build.0 = Release|Any CPU
	EndGlobalSection
	GlobalSection(SolutionProperties) = preSolution
		HideSolutionNode = FALSE
	EndGlobalSection
	GlobalSection(NestedProjects) = preSolution
		{96EDD771-4530-496F-A134-929DCD617190} = {2F157615-2DA2-4A92-B2DC-7A07A927CD76}
		{7E89B21F-72A6-4541-A892-314078A35B4C} = {2F157615-2DA2-4A92-B2DC-7A07A927CD76}
		{0E37F210-205F-4945-B2F0-75C585EFD9CB} = {2F157615-2DA2-4A92-B2DC-7A07A927CD76}
		{C5299AF3-1CB5-49E5-8704-2FCB15776E8D} = {2F157615-2DA2-4A92-B2DC-7A07A927CD76}
		{716E5F66-9B18-403A-87E0-6D6647FBBF5C} = {45B15682-C3B0-4A9D-962A-0AFF10849FE7}
		{2F3FB83D-088B-49AD-AD6A-8DF071B96263} = {45B15682-C3B0-4A9D-962A-0AFF10849FE7}
		{DA90DAC0-6FEC-42C3-8072-F6ABBA46CF3E} = {45B15682-C3B0-4A9D-962A-0AFF10849FE7}
		{5F7BF193-4FAB-4348-B779-57CA9AB0F7FF} = {45B15682-C3B0-4A9D-962A-0AFF10849FE7}
	EndGlobalSection
	GlobalSection(ExtensibilityGlobals) = postSolution
		SolutionGuid = {5C0ADFD6-1D73-423F-BEA6-9A7C65DC4504}
	EndGlobalSection
EndGlobal
