
Microsoft Visual Studio Solution File, Format Version 12.00
# Visual Studio 15
VisualStudioVersion = 15.0.27130.0
MinimumVisualStudioVersion = 10.0.40219.1
Project("{FAE04EC0-301F-11D3-BF4B-00C04F79EFBC}") = "CntApp.Android", "CntApp\CntApp.Android\CntApp.Android.csproj", "{287F3C97-3FC2-4A80-8551-83DE33E14F06}"
EndProject
Project("{FAE04EC0-301F-11D3-BF4B-00C04F79EFBC}") = "CntApp", "CntApp\CntApp\CntApp.csproj", "{C30969BA-7077-4630-95FD-A28AE72FDE68}"
EndProject
Project("{FAE04EC0-301F-11D3-BF4B-00C04F79EFBC}") = "CntApp.UWP", "CntApp\CntApp.UWP\CntApp.UWP.csproj", "{FC09E486-F70E-4840-B5EE-E9C164960381}"
EndProject
Project("{FAE04EC0-301F-11D3-BF4B-00C04F79EFBC}") = "CntApp.iOS", "CntApp\CntApp.iOS\CntApp.iOS.csproj", "{88AD7497-FB07-4DBD-9EE9-76D2B941C657}"
EndProject
Project("{2150E333-8FDC-42A3-9474-1A3956D46DE8}") = "Apps", "Apps", "{08CC5C63-2530-4CD6-90B5-88FA0AD5E211}"
EndProject
Global
	GlobalSection(SolutionConfigurationPlatforms) = preSolution
		Ad-Hoc|Any CPU = Ad-Hoc|Any CPU
		Ad-Hoc|ARM = Ad-Hoc|ARM
		Ad-Hoc|iPhone = Ad-Hoc|iPhone
		Ad-Hoc|iPhoneSimulator = Ad-Hoc|iPhoneSimulator
		Ad-Hoc|x64 = Ad-Hoc|x64
		Ad-Hoc|x86 = Ad-Hoc|x86
		AppStore|Any CPU = AppStore|Any CPU
		AppStore|ARM = AppStore|ARM
		AppStore|iPhone = AppStore|iPhone
		AppStore|iPhoneSimulator = AppStore|iPhoneSimulator
		AppStore|x64 = AppStore|x64
		AppStore|x86 = AppStore|x86
		Debug|Any CPU = Debug|Any CPU
		Debug|ARM = Debug|ARM
		Debug|iPhone = Debug|iPhone
		Debug|iPhoneSimulator = Debug|iPhoneSimulator
		Debug|x64 = Debug|x64
		Debug|x86 = Debug|x86
		Release|Any CPU = Release|Any CPU
		Release|ARM = Release|ARM
		Release|iPhone = Release|iPhone
		Release|iPhoneSimulator = Release|iPhoneSimulator
		Release|x64 = Release|x64
		Release|x86 = Release|x86
	EndGlobalSection
	GlobalSection(ProjectConfigurationPlatforms) = postSolution
		{287F3C97-3FC2-4A80-8551-83DE33E14F06}.Ad-Hoc|Any CPU.ActiveCfg = Release|Any CPU
		{287F3C97-3FC2-4A80-8551-83DE33E14F06}.Ad-Hoc|Any CPU.Build.0 = Release|Any CPU
		{287F3C97-3FC2-4A80-8551-83DE33E14F06}.Ad-Hoc|Any CPU.Deploy.0 = Release|Any CPU
		{287F3C97-3FC2-4A80-8551-83DE33E14F06}.Ad-Hoc|ARM.ActiveCfg = Release|Any CPU
		{287F3C97-3FC2-4A80-8551-83DE33E14F06}.Ad-Hoc|ARM.Build.0 = Release|Any CPU
		{287F3C97-3FC2-4A80-8551-83DE33E14F06}.Ad-Hoc|ARM.Deploy.0 = Release|Any CPU
		{287F3C97-3FC2-4A80-8551-83DE33E14F06}.Ad-Hoc|iPhone.ActiveCfg = Release|Any CPU
		{287F3C97-3FC2-4A80-8551-83DE33E14F06}.Ad-Hoc|iPhone.Build.0 = Release|Any CPU
		{287F3C97-3FC2-4A80-8551-83DE33E14F06}.Ad-Hoc|iPhone.Deploy.0 = Release|Any CPU
		{287F3C97-3FC2-4A80-8551-83DE33E14F06}.Ad-Hoc|iPhoneSimulator.ActiveCfg = Release|Any CPU
		{287F3C97-3FC2-4A80-8551-83DE33E14F06}.Ad-Hoc|iPhoneSimulator.Build.0 = Release|Any CPU
		{287F3C97-3FC2-4A80-8551-83DE33E14F06}.Ad-Hoc|iPhoneSimulator.Deploy.0 = Release|Any CPU
		{287F3C97-3FC2-4A80-8551-83DE33E14F06}.Ad-Hoc|x64.ActiveCfg = Release|Any CPU
		{287F3C97-3FC2-4A80-8551-83DE33E14F06}.Ad-Hoc|x64.Build.0 = Release|Any CPU
		{287F3C97-3FC2-4A80-8551-83DE33E14F06}.Ad-Hoc|x64.Deploy.0 = Release|Any CPU
		{287F3C97-3FC2-4A80-8551-83DE33E14F06}.Ad-Hoc|x86.ActiveCfg = Release|Any CPU
		{287F3C97-3FC2-4A80-8551-83DE33E14F06}.Ad-Hoc|x86.Build.0 = Release|Any CPU
		{287F3C97-3FC2-4A80-8551-83DE33E14F06}.Ad-Hoc|x86.Deploy.0 = Release|Any CPU
		{287F3C97-3FC2-4A80-8551-83DE33E14F06}.AppStore|Any CPU.ActiveCfg = Release|Any CPU
		{287F3C97-3FC2-4A80-8551-83DE33E14F06}.AppStore|Any CPU.Build.0 = Release|Any CPU
		{287F3C97-3FC2-4A80-8551-83DE33E14F06}.AppStore|Any CPU.Deploy.0 = Release|Any CPU
		{287F3C97-3FC2-4A80-8551-83DE33E14F06}.AppStore|ARM.ActiveCfg = Release|Any CPU
		{287F3C97-3FC2-4A80-8551-83DE33E14F06}.AppStore|ARM.Build.0 = Release|Any CPU
		{287F3C97-3FC2-4A80-8551-83DE33E14F06}.AppStore|ARM.Deploy.0 = Release|Any CPU
		{287F3C97-3FC2-4A80-8551-83DE33E14F06}.AppStore|iPhone.ActiveCfg = Release|Any CPU
		{287F3C97-3FC2-4A80-8551-83DE33E14F06}.AppStore|iPhone.Build.0 = Release|Any CPU
		{287F3C97-3FC2-4A80-8551-83DE33E14F06}.AppStore|iPhone.Deploy.0 = Release|Any CPU
		{287F3C97-3FC2-4A80-8551-83DE33E14F06}.AppStore|iPhoneSimulator.ActiveCfg = Release|Any CPU
		{287F3C97-3FC2-4A80-8551-83DE33E14F06}.AppStore|iPhoneSimulator.Build.0 = Release|Any CPU
		{287F3C97-3FC2-4A80-8551-83DE33E14F06}.AppStore|iPhoneSimulator.Deploy.0 = Release|Any CPU
		{287F3C97-3FC2-4A80-8551-83DE33E14F06}.AppStore|x64.ActiveCfg = Release|Any CPU
		{287F3C97-3FC2-4A80-8551-83DE33E14F06}.AppStore|x64.Build.0 = Release|Any CPU
		{287F3C97-3FC2-4A80-8551-83DE33E14F06}.AppStore|x64.Deploy.0 = Release|Any CPU
		{287F3C97-3FC2-4A80-8551-83DE33E14F06}.AppStore|x86.ActiveCfg = Release|Any CPU
		{287F3C97-3FC2-4A80-8551-83DE33E14F06}.AppStore|x86.Build.0 = Release|Any CPU
		{287F3C97-3FC2-4A80-8551-83DE33E14F06}.AppStore|x86.Deploy.0 = Release|Any CPU
		{287F3C97-3FC2-4A80-8551-83DE33E14F06}.Debug|Any CPU.ActiveCfg = Debug|Any CPU
		{287F3C97-3FC2-4A80-8551-83DE33E14F06}.Debug|Any CPU.Build.0 = Debug|Any CPU
		{287F3C97-3FC2-4A80-8551-83DE33E14F06}.Debug|Any CPU.Deploy.0 = Debug|Any CPU
		{287F3C97-3FC2-4A80-8551-83DE33E14F06}.Debug|ARM.ActiveCfg = Debug|Any CPU
		{287F3C97-3FC2-4A80-8551-83DE33E14F06}.Debug|ARM.Build.0 = Debug|Any CPU
		{287F3C97-3FC2-4A80-8551-83DE33E14F06}.Debug|ARM.Deploy.0 = Debug|Any CPU
		{287F3C97-3FC2-4A80-8551-83DE33E14F06}.Debug|iPhone.ActiveCfg = Debug|Any CPU
		{287F3C97-3FC2-4A80-8551-83DE33E14F06}.Debug|iPhone.Build.0 = Debug|Any CPU
		{287F3C97-3FC2-4A80-8551-83DE33E14F06}.Debug|iPhone.Deploy.0 = Debug|Any CPU
		{287F3C97-3FC2-4A80-8551-83DE33E14F06}.Debug|iPhoneSimulator.ActiveCfg = Debug|Any CPU
		{287F3C97-3FC2-4A80-8551-83DE33E14F06}.Debug|iPhoneSimulator.Build.0 = Debug|Any CPU
		{287F3C97-3FC2-4A80-8551-83DE33E14F06}.Debug|iPhoneSimulator.Deploy.0 = Debug|Any CPU
		{287F3C97-3FC2-4A80-8551-83DE33E14F06}.Debug|x64.ActiveCfg = Debug|Any CPU
		{287F3C97-3FC2-4A80-8551-83DE33E14F06}.Debug|x64.Build.0 = Debug|Any CPU
		{287F3C97-3FC2-4A80-8551-83DE33E14F06}.Debug|x64.Deploy.0 = Debug|Any CPU
		{287F3C97-3FC2-4A80-8551-83DE33E14F06}.Debug|x86.ActiveCfg = Debug|Any CPU
		{287F3C97-3FC2-4A80-8551-83DE33E14F06}.Debug|x86.Build.0 = Debug|Any CPU
		{287F3C97-3FC2-4A80-8551-83DE33E14F06}.Debug|x86.Deploy.0 = Debug|Any CPU
		{287F3C97-3FC2-4A80-8551-83DE33E14F06}.Release|Any CPU.ActiveCfg = Release|Any CPU
		{287F3C97-3FC2-4A80-8551-83DE33E14F06}.Release|Any CPU.Build.0 = Release|Any CPU
		{287F3C97-3FC2-4A80-8551-83DE33E14F06}.Release|Any CPU.Deploy.0 = Release|Any CPU
		{287F3C97-3FC2-4A80-8551-83DE33E14F06}.Release|ARM.ActiveCfg = Release|Any CPU
		{287F3C97-3FC2-4A80-8551-83DE33E14F06}.Release|ARM.Build.0 = Release|Any CPU
		{287F3C97-3FC2-4A80-8551-83DE33E14F06}.Release|ARM.Deploy.0 = Release|Any CPU
		{287F3C97-3FC2-4A80-8551-83DE33E14F06}.Release|iPhone.ActiveCfg = Release|Any CPU
		{287F3C97-3FC2-4A80-8551-83DE33E14F06}.Release|iPhone.Build.0 = Release|Any CPU
		{287F3C97-3FC2-4A80-8551-83DE33E14F06}.Release|iPhone.Deploy.0 = Release|Any CPU
		{287F3C97-3FC2-4A80-8551-83DE33E14F06}.Release|iPhoneSimulator.ActiveCfg = Release|Any CPU
		{287F3C97-3FC2-4A80-8551-83DE33E14F06}.Release|iPhoneSimulator.Build.0 = Release|Any CPU
		{287F3C97-3FC2-4A80-8551-83DE33E14F06}.Release|iPhoneSimulator.Deploy.0 = Release|Any CPU
		{287F3C97-3FC2-4A80-8551-83DE33E14F06}.Release|x64.ActiveCfg = Release|Any CPU
		{287F3C97-3FC2-4A80-8551-83DE33E14F06}.Release|x64.Build.0 = Release|Any CPU
		{287F3C97-3FC2-4A80-8551-83DE33E14F06}.Release|x64.Deploy.0 = Release|Any CPU
		{287F3C97-3FC2-4A80-8551-83DE33E14F06}.Release|x86.ActiveCfg = Release|Any CPU
		{287F3C97-3FC2-4A80-8551-83DE33E14F06}.Release|x86.Build.0 = Release|Any CPU
		{287F3C97-3FC2-4A80-8551-83DE33E14F06}.Release|x86.Deploy.0 = Release|Any CPU
		{C30969BA-7077-4630-95FD-A28AE72FDE68}.Ad-Hoc|Any CPU.ActiveCfg = Release|Any CPU
		{C30969BA-7077-4630-95FD-A28AE72FDE68}.Ad-Hoc|Any CPU.Build.0 = Release|Any CPU
		{C30969BA-7077-4630-95FD-A28AE72FDE68}.Ad-Hoc|ARM.ActiveCfg = Release|Any CPU
		{C30969BA-7077-4630-95FD-A28AE72FDE68}.Ad-Hoc|ARM.Build.0 = Release|Any CPU
		{C30969BA-7077-4630-95FD-A28AE72FDE68}.Ad-Hoc|iPhone.ActiveCfg = Release|Any CPU
		{C30969BA-7077-4630-95FD-A28AE72FDE68}.Ad-Hoc|iPhone.Build.0 = Release|Any CPU
		{C30969BA-7077-4630-95FD-A28AE72FDE68}.Ad-Hoc|iPhoneSimulator.ActiveCfg = Release|Any CPU
		{C30969BA-7077-4630-95FD-A28AE72FDE68}.Ad-Hoc|iPhoneSimulator.Build.0 = Release|Any CPU
		{C30969BA-7077-4630-95FD-A28AE72FDE68}.Ad-Hoc|x64.ActiveCfg = Release|Any CPU
		{C30969BA-7077-4630-95FD-A28AE72FDE68}.Ad-Hoc|x64.Build.0 = Release|Any CPU
		{C30969BA-7077-4630-95FD-A28AE72FDE68}.Ad-Hoc|x86.ActiveCfg = Release|Any CPU
		{C30969BA-7077-4630-95FD-A28AE72FDE68}.Ad-Hoc|x86.Build.0 = Release|Any CPU
		{C30969BA-7077-4630-95FD-A28AE72FDE68}.AppStore|Any CPU.ActiveCfg = Release|Any CPU
		{C30969BA-7077-4630-95FD-A28AE72FDE68}.AppStore|Any CPU.Build.0 = Release|Any CPU
		{C30969BA-7077-4630-95FD-A28AE72FDE68}.AppStore|ARM.ActiveCfg = Release|Any CPU
		{C30969BA-7077-4630-95FD-A28AE72FDE68}.AppStore|ARM.Build.0 = Release|Any CPU
		{C30969BA-7077-4630-95FD-A28AE72FDE68}.AppStore|iPhone.ActiveCfg = Release|Any CPU
		{C30969BA-7077-4630-95FD-A28AE72FDE68}.AppStore|iPhone.Build.0 = Release|Any CPU
		{C30969BA-7077-4630-95FD-A28AE72FDE68}.AppStore|iPhoneSimulator.ActiveCfg = Release|Any CPU
		{C30969BA-7077-4630-95FD-A28AE72FDE68}.AppStore|iPhoneSimulator.Build.0 = Release|Any CPU
		{C30969BA-7077-4630-95FD-A28AE72FDE68}.AppStore|x64.ActiveCfg = Release|Any CPU
		{C30969BA-7077-4630-95FD-A28AE72FDE68}.AppStore|x64.Build.0 = Release|Any CPU
		{C30969BA-7077-4630-95FD-A28AE72FDE68}.AppStore|x86.ActiveCfg = Release|Any CPU
		{C30969BA-7077-4630-95FD-A28AE72FDE68}.AppStore|x86.Build.0 = Release|Any CPU
		{C30969BA-7077-4630-95FD-A28AE72FDE68}.Debug|Any CPU.ActiveCfg = Debug|Any CPU
		{C30969BA-7077-4630-95FD-A28AE72FDE68}.Debug|Any CPU.Build.0 = Debug|Any CPU
		{C30969BA-7077-4630-95FD-A28AE72FDE68}.Debug|ARM.ActiveCfg = Debug|Any CPU
		{C30969BA-7077-4630-95FD-A28AE72FDE68}.Debug|ARM.Build.0 = Debug|Any CPU
		{C30969BA-7077-4630-95FD-A28AE72FDE68}.Debug|iPhone.ActiveCfg = Debug|Any CPU
		{C30969BA-7077-4630-95FD-A28AE72FDE68}.Debug|iPhone.Build.0 = Debug|Any CPU
		{C30969BA-7077-4630-95FD-A28AE72FDE68}.Debug|iPhoneSimulator.ActiveCfg = Debug|Any CPU
		{C30969BA-7077-4630-95FD-A28AE72FDE68}.Debug|iPhoneSimulator.Build.0 = Debug|Any CPU
		{C30969BA-7077-4630-95FD-A28AE72FDE68}.Debug|x64.ActiveCfg = Debug|Any CPU
		{C30969BA-7077-4630-95FD-A28AE72FDE68}.Debug|x64.Build.0 = Debug|Any CPU
		{C30969BA-7077-4630-95FD-A28AE72FDE68}.Debug|x86.ActiveCfg = Debug|Any CPU
		{C30969BA-7077-4630-95FD-A28AE72FDE68}.Debug|x86.Build.0 = Debug|Any CPU
		{C30969BA-7077-4630-95FD-A28AE72FDE68}.Release|Any CPU.ActiveCfg = Release|Any CPU
		{C30969BA-7077-4630-95FD-A28AE72FDE68}.Release|Any CPU.Build.0 = Release|Any CPU
		{C30969BA-7077-4630-95FD-A28AE72FDE68}.Release|ARM.ActiveCfg = Release|Any CPU
		{C30969BA-7077-4630-95FD-A28AE72FDE68}.Release|ARM.Build.0 = Release|Any CPU
		{C30969BA-7077-4630-95FD-A28AE72FDE68}.Release|iPhone.ActiveCfg = Release|Any CPU
		{C30969BA-7077-4630-95FD-A28AE72FDE68}.Release|iPhone.Build.0 = Release|Any CPU
		{C30969BA-7077-4630-95FD-A28AE72FDE68}.Release|iPhoneSimulator.ActiveCfg = Release|Any CPU
		{C30969BA-7077-4630-95FD-A28AE72FDE68}.Release|iPhoneSimulator.Build.0 = Release|Any CPU
		{C30969BA-7077-4630-95FD-A28AE72FDE68}.Release|x64.ActiveCfg = Release|Any CPU
		{C30969BA-7077-4630-95FD-A28AE72FDE68}.Release|x64.Build.0 = Release|Any CPU
		{C30969BA-7077-4630-95FD-A28AE72FDE68}.Release|x86.ActiveCfg = Release|Any CPU
		{C30969BA-7077-4630-95FD-A28AE72FDE68}.Release|x86.Build.0 = Release|Any CPU
		{FC09E486-F70E-4840-B5EE-E9C164960381}.Ad-Hoc|Any CPU.ActiveCfg = Release|x86
		{FC09E486-F70E-4840-B5EE-E9C164960381}.Ad-Hoc|Any CPU.Build.0 = Release|x86
		{FC09E486-F70E-4840-B5EE-E9C164960381}.Ad-Hoc|Any CPU.Deploy.0 = Release|x86
		{FC09E486-F70E-4840-B5EE-E9C164960381}.Ad-Hoc|ARM.ActiveCfg = Release|ARM
		{FC09E486-F70E-4840-B5EE-E9C164960381}.Ad-Hoc|ARM.Build.0 = Release|ARM
		{FC09E486-F70E-4840-B5EE-E9C164960381}.Ad-Hoc|ARM.Deploy.0 = Release|ARM
		{FC09E486-F70E-4840-B5EE-E9C164960381}.Ad-Hoc|iPhone.ActiveCfg = Release|x86
		{FC09E486-F70E-4840-B5EE-E9C164960381}.Ad-Hoc|iPhone.Build.0 = Release|x86
		{FC09E486-F70E-4840-B5EE-E9C164960381}.Ad-Hoc|iPhone.Deploy.0 = Release|x86
		{FC09E486-F70E-4840-B5EE-E9C164960381}.Ad-Hoc|iPhoneSimulator.ActiveCfg = Release|x86
		{FC09E486-F70E-4840-B5EE-E9C164960381}.Ad-Hoc|iPhoneSimulator.Build.0 = Release|x86
		{FC09E486-F70E-4840-B5EE-E9C164960381}.Ad-Hoc|iPhoneSimulator.Deploy.0 = Release|x86
		{FC09E486-F70E-4840-B5EE-E9C164960381}.Ad-Hoc|x64.ActiveCfg = Release|x64
		{FC09E486-F70E-4840-B5EE-E9C164960381}.Ad-Hoc|x64.Build.0 = Release|x64
		{FC09E486-F70E-4840-B5EE-E9C164960381}.Ad-Hoc|x64.Deploy.0 = Release|x64
		{FC09E486-F70E-4840-B5EE-E9C164960381}.Ad-Hoc|x86.ActiveCfg = Release|x86
		{FC09E486-F70E-4840-B5EE-E9C164960381}.Ad-Hoc|x86.Build.0 = Release|x86
		{FC09E486-F70E-4840-B5EE-E9C164960381}.Ad-Hoc|x86.Deploy.0 = Release|x86
		{FC09E486-F70E-4840-B5EE-E9C164960381}.AppStore|Any CPU.ActiveCfg = Release|x86
		{FC09E486-F70E-4840-B5EE-E9C164960381}.AppStore|Any CPU.Build.0 = Release|x86
		{FC09E486-F70E-4840-B5EE-E9C164960381}.AppStore|Any CPU.Deploy.0 = Release|x86
		{FC09E486-F70E-4840-B5EE-E9C164960381}.AppStore|ARM.ActiveCfg = Release|ARM
		{FC09E486-F70E-4840-B5EE-E9C164960381}.AppStore|ARM.Build.0 = Release|ARM
		{FC09E486-F70E-4840-B5EE-E9C164960381}.AppStore|ARM.Deploy.0 = Release|ARM
		{FC09E486-F70E-4840-B5EE-E9C164960381}.AppStore|iPhone.ActiveCfg = Release|x86
		{FC09E486-F70E-4840-B5EE-E9C164960381}.AppStore|iPhone.Build.0 = Release|x86
		{FC09E486-F70E-4840-B5EE-E9C164960381}.AppStore|iPhone.Deploy.0 = Release|x86
		{FC09E486-F70E-4840-B5EE-E9C164960381}.AppStore|iPhoneSimulator.ActiveCfg = Release|x86
		{FC09E486-F70E-4840-B5EE-E9C164960381}.AppStore|iPhoneSimulator.Build.0 = Release|x86
		{FC09E486-F70E-4840-B5EE-E9C164960381}.AppStore|iPhoneSimulator.Deploy.0 = Release|x86
		{FC09E486-F70E-4840-B5EE-E9C164960381}.AppStore|x64.ActiveCfg = Release|x64
		{FC09E486-F70E-4840-B5EE-E9C164960381}.AppStore|x64.Build.0 = Release|x64
		{FC09E486-F70E-4840-B5EE-E9C164960381}.AppStore|x64.Deploy.0 = Release|x64
		{FC09E486-F70E-4840-B5EE-E9C164960381}.AppStore|x86.ActiveCfg = Release|x86
		{FC09E486-F70E-4840-B5EE-E9C164960381}.AppStore|x86.Build.0 = Release|x86
		{FC09E486-F70E-4840-B5EE-E9C164960381}.AppStore|x86.Deploy.0 = Release|x86
		{FC09E486-F70E-4840-B5EE-E9C164960381}.Debug|Any CPU.ActiveCfg = Debug|x86
		{FC09E486-F70E-4840-B5EE-E9C164960381}.Debug|ARM.ActiveCfg = Debug|ARM
		{FC09E486-F70E-4840-B5EE-E9C164960381}.Debug|ARM.Build.0 = Debug|ARM
		{FC09E486-F70E-4840-B5EE-E9C164960381}.Debug|ARM.Deploy.0 = Debug|ARM
		{FC09E486-F70E-4840-B5EE-E9C164960381}.Debug|iPhone.ActiveCfg = Debug|x86
		{FC09E486-F70E-4840-B5EE-E9C164960381}.Debug|iPhoneSimulator.ActiveCfg = Debug|x86
		{FC09E486-F70E-4840-B5EE-E9C164960381}.Debug|x64.ActiveCfg = Debug|x64
		{FC09E486-F70E-4840-B5EE-E9C164960381}.Debug|x64.Build.0 = Debug|x64
		{FC09E486-F70E-4840-B5EE-E9C164960381}.Debug|x64.Deploy.0 = Debug|x64
		{FC09E486-F70E-4840-B5EE-E9C164960381}.Debug|x86.ActiveCfg = Debug|x86
		{FC09E486-F70E-4840-B5EE-E9C164960381}.Debug|x86.Build.0 = Debug|x86
		{FC09E486-F70E-4840-B5EE-E9C164960381}.Debug|x86.Deploy.0 = Debug|x86
		{FC09E486-F70E-4840-B5EE-E9C164960381}.Release|Any CPU.ActiveCfg = Release|x86
		{FC09E486-F70E-4840-B5EE-E9C164960381}.Release|ARM.ActiveCfg = Release|ARM
		{FC09E486-F70E-4840-B5EE-E9C164960381}.Release|ARM.Build.0 = Release|ARM
		{FC09E486-F70E-4840-B5EE-E9C164960381}.Release|ARM.Deploy.0 = Release|ARM
		{FC09E486-F70E-4840-B5EE-E9C164960381}.Release|iPhone.ActiveCfg = Release|x86
		{FC09E486-F70E-4840-B5EE-E9C164960381}.Release|iPhoneSimulator.ActiveCfg = Release|x86
		{FC09E486-F70E-4840-B5EE-E9C164960381}.Release|x64.ActiveCfg = Release|x64
		{FC09E486-F70E-4840-B5EE-E9C164960381}.Release|x64.Build.0 = Release|x64
		{FC09E486-F70E-4840-B5EE-E9C164960381}.Release|x64.Deploy.0 = Release|x64
		{FC09E486-F70E-4840-B5EE-E9C164960381}.Release|x86.ActiveCfg = Release|x86
		{FC09E486-F70E-4840-B5EE-E9C164960381}.Release|x86.Build.0 = Release|x86
		{FC09E486-F70E-4840-B5EE-E9C164960381}.Release|x86.Deploy.0 = Release|x86
		{88AD7497-FB07-4DBD-9EE9-76D2B941C657}.Ad-Hoc|Any CPU.ActiveCfg = Ad-Hoc|iPhoneSimulator
		{88AD7497-FB07-4DBD-9EE9-76D2B941C657}.Ad-Hoc|ARM.ActiveCfg = Ad-Hoc|iPhone
		{88AD7497-FB07-4DBD-9EE9-76D2B941C657}.Ad-Hoc|iPhone.ActiveCfg = Ad-Hoc|iPhone
		{88AD7497-FB07-4DBD-9EE9-76D2B941C657}.Ad-Hoc|iPhone.Build.0 = Ad-Hoc|iPhone
		{88AD7497-FB07-4DBD-9EE9-76D2B941C657}.Ad-Hoc|iPhoneSimulator.ActiveCfg = Ad-Hoc|iPhoneSimulator
		{88AD7497-FB07-4DBD-9EE9-76D2B941C657}.Ad-Hoc|iPhoneSimulator.Build.0 = Ad-Hoc|iPhoneSimulator
		{88AD7497-FB07-4DBD-9EE9-76D2B941C657}.Ad-Hoc|x64.ActiveCfg = Ad-Hoc|iPhone
		{88AD7497-FB07-4DBD-9EE9-76D2B941C657}.Ad-Hoc|x86.ActiveCfg = Ad-Hoc|iPhone
		{88AD7497-FB07-4DBD-9EE9-76D2B941C657}.AppStore|Any CPU.ActiveCfg = AppStore|iPhoneSimulator
		{88AD7497-FB07-4DBD-9EE9-76D2B941C657}.AppStore|ARM.ActiveCfg = AppStore|iPhone
		{88AD7497-FB07-4DBD-9EE9-76D2B941C657}.AppStore|iPhone.ActiveCfg = AppStore|iPhone
		{88AD7497-FB07-4DBD-9EE9-76D2B941C657}.AppStore|iPhone.Build.0 = AppStore|iPhone
		{88AD7497-FB07-4DBD-9EE9-76D2B941C657}.AppStore|iPhoneSimulator.ActiveCfg = AppStore|iPhoneSimulator
		{88AD7497-FB07-4DBD-9EE9-76D2B941C657}.AppStore|iPhoneSimulator.Build.0 = AppStore|iPhoneSimulator
		{88AD7497-FB07-4DBD-9EE9-76D2B941C657}.AppStore|x64.ActiveCfg = AppStore|iPhone
		{88AD7497-FB07-4DBD-9EE9-76D2B941C657}.AppStore|x86.ActiveCfg = AppStore|iPhone
		{88AD7497-FB07-4DBD-9EE9-76D2B941C657}.Debug|Any CPU.ActiveCfg = Debug|iPhoneSimulator
		{88AD7497-FB07-4DBD-9EE9-76D2B941C657}.Debug|ARM.ActiveCfg = Debug|iPhone
		{88AD7497-FB07-4DBD-9EE9-76D2B941C657}.Debug|iPhone.ActiveCfg = Debug|iPhone
		{88AD7497-FB07-4DBD-9EE9-76D2B941C657}.Debug|iPhone.Build.0 = Debug|iPhone
		{88AD7497-FB07-4DBD-9EE9-76D2B941C657}.Debug|iPhoneSimulator.ActiveCfg = Debug|iPhoneSimulator
		{88AD7497-FB07-4DBD-9EE9-76D2B941C657}.Debug|iPhoneSimulator.Build.0 = Debug|iPhoneSimulator
		{88AD7497-FB07-4DBD-9EE9-76D2B941C657}.Debug|x64.ActiveCfg = Debug|iPhone
		{88AD7497-FB07-4DBD-9EE9-76D2B941C657}.Debug|x86.ActiveCfg = Debug|iPhone
		{88AD7497-FB07-4DBD-9EE9-76D2B941C657}.Release|Any CPU.ActiveCfg = Release|iPhoneSimulator
		{88AD7497-FB07-4DBD-9EE9-76D2B941C657}.Release|ARM.ActiveCfg = Release|iPhone
		{88AD7497-FB07-4DBD-9EE9-76D2B941C657}.Release|iPhone.ActiveCfg = Release|iPhone
		{88AD7497-FB07-4DBD-9EE9-76D2B941C657}.Release|iPhone.Build.0 = Release|iPhone
		{88AD7497-FB07-4DBD-9EE9-76D2B941C657}.Release|iPhoneSimulator.ActiveCfg = Release|iPhoneSimulator
		{88AD7497-FB07-4DBD-9EE9-76D2B941C657}.Release|iPhoneSimulator.Build.0 = Release|iPhoneSimulator
		{88AD7497-FB07-4DBD-9EE9-76D2B941C657}.Release|x64.ActiveCfg = Release|iPhone
		{88AD7497-FB07-4DBD-9EE9-76D2B941C657}.Release|x86.ActiveCfg = Release|iPhone
	EndGlobalSection
	GlobalSection(SolutionProperties) = preSolution
		HideSolutionNode = FALSE
	EndGlobalSection
	GlobalSection(NestedProjects) = preSolution
		{287F3C97-3FC2-4A80-8551-83DE33E14F06} = {08CC5C63-2530-4CD6-90B5-88FA0AD5E211}
		{C30969BA-7077-4630-95FD-A28AE72FDE68} = {08CC5C63-2530-4CD6-90B5-88FA0AD5E211}
		{FC09E486-F70E-4840-B5EE-E9C164960381} = {08CC5C63-2530-4CD6-90B5-88FA0AD5E211}
		{88AD7497-FB07-4DBD-9EE9-76D2B941C657} = {08CC5C63-2530-4CD6-90B5-88FA0AD5E211}
	EndGlobalSection
	GlobalSection(ExtensibilityGlobals) = postSolution
		SolutionGuid = {C13897DD-35A2-416B-9880-0F457288B419}
	EndGlobalSection
EndGlobal
